uuid: 6089e0dc-8efe-491c-9696-34b95ca6a643
langcode: en
status: true
dependencies:
  module:
    - language
  theme:
    - bartik
id: testrestrictedblock
theme: bartik
region: content
weight: 0
provider: null
plugin: 'block_content:5afeb08f-56cd-45a9-9a14-4c4a82fcc2be'
settings:
  id: 'block_content:5afeb08f-56cd-45a9-9a14-4c4a82fcc2be'
  label: 'Test Restricted Block'
  provider: block_content
  label_display: visible
  status: true
  info: ''
  view_mode: full
visibility:
  language:
    id: language
    langcodes:
      es: es
      fr: fr
    negate: false
    context_mapping:
      language: '@language.current_language_context:language_interface'
